
Microsoft Visual Studio Solution File, Format Version 12.00
# Visual Studio Version 17
VisualStudioVersion = 17.6.33723.286
MinimumVisualStudioVersion = 10.0.40219.1
Project("{9A19103F-16F7-4668-BE54-9A1E7A4F7556}") = "NURBNB.Alojamiento.Domain", "NURBNB.Alojamiento.Domain\NURBNB.Alojamiento.Domain.csproj", "{6C3CD1F6-D414-418A-A3B7-EEFB5E9FB94C}"
EndProject
Project("{9A19103F-16F7-4668-BE54-9A1E7A4F7556}") = "NURBNB.Alojamiento.Application", "NURBNB.Alojamiento.Application\NURBNB.Alojamiento.Application.csproj", "{8B560B08-2CC7-4860-825D-82C5AF90C3FA}"
EndProject
Project("{9A19103F-16F7-4668-BE54-9A1E7A4F7556}") = "NURBNB.Alojamiento.Infrastructure", "NURBNB.Alojamiento.Infrastructure\NURBNB.Alojamiento.Infrastructure.csproj", "{1276D916-1F71-47F4-85E6-50F4EF852447}"
EndProject
Project("{9A19103F-16F7-4668-BE54-9A1E7A4F7556}") = "NURBNB.Alojamiento.WebAPI", "NURBNB.Alojamiento.WebAPI\NURBNB.Alojamiento.WebAPI.csproj", "{5BE16853-5FE6-49C7-8EC8-48793856EE7B}"
EndProject
Project("{9A19103F-16F7-4668-BE54-9A1E7A4F7556}") = "NURBNB.Alojamiento.Test", "NURBNB.Alojamiento.Test\NURBNB.Alojamiento.Test.csproj", "{E261A0C6-18C5-42DA-9537-29CFA24EF3E5}"
EndProject
Project("{9A19103F-16F7-4668-BE54-9A1E7A4F7556}") = "NURBNB.IntegrationEvents", "NURBNB.IntegrationEvents\NURBNB.IntegrationEvents\NURBNB.IntegrationEvents.csproj", "{5492DBD8-51DF-4720-BB3B-DEA5064CA336}"
EndProject
Project("{2150E333-8FDC-42A3-9474-1A3956D46DE8}") = "Solution Items", "Solution Items", "{7C66D9E6-C4A1-4B8D-A97E-C6B0719AD859}"
	ProjectSection(SolutionItems) = preProject
		.editorconfig = .editorconfig
	EndProjectSection
EndProject
Global
	GlobalSection(SolutionConfigurationPlatforms) = preSolution
		Debug|Any CPU = Debug|Any CPU
		Release|Any CPU = Release|Any CPU
	EndGlobalSection
	GlobalSection(ProjectConfigurationPlatforms) = postSolution
		{6C3CD1F6-D414-418A-A3B7-EEFB5E9FB94C}.Debug|Any CPU.ActiveCfg = Debug|Any CPU
		{6C3CD1F6-D414-418A-A3B7-EEFB5E9FB94C}.Debug|Any CPU.Build.0 = Debug|Any CPU
		{6C3CD1F6-D414-418A-A3B7-EEFB5E9FB94C}.Release|Any CPU.ActiveCfg = Release|Any CPU
		{6C3CD1F6-D414-418A-A3B7-EEFB5E9FB94C}.Release|Any CPU.Build.0 = Release|Any CPU
		{8B560B08-2CC7-4860-825D-82C5AF90C3FA}.Debug|Any CPU.ActiveCfg = Debug|Any CPU
		{8B560B08-2CC7-4860-825D-82C5AF90C3FA}.Debug|Any CPU.Build.0 = Debug|Any CPU
		{8B560B08-2CC7-4860-825D-82C5AF90C3FA}.Release|Any CPU.ActiveCfg = Release|Any CPU
		{8B560B08-2CC7-4860-825D-82C5AF90C3FA}.Release|Any CPU.Build.0 = Release|Any CPU
		{1276D916-1F71-47F4-85E6-50F4EF852447}.Debug|Any CPU.ActiveCfg = Debug|Any CPU
		{1276D916-1F71-47F4-85E6-50F4EF852447}.Debug|Any CPU.Build.0 = Debug|Any CPU
		{1276D916-1F71-47F4-85E6-50F4EF852447}.Release|Any CPU.ActiveCfg = Release|Any CPU
		{1276D916-1F71-47F4-85E6-50F4EF852447}.Release|Any CPU.Build.0 = Release|Any CPU
		{5BE16853-5FE6-49C7-8EC8-48793856EE7B}.Debug|Any CPU.ActiveCfg = Debug|Any CPU
		{5BE16853-5FE6-49C7-8EC8-48793856EE7B}.Debug|Any CPU.Build.0 = Debug|Any CPU
		{5BE16853-5FE6-49C7-8EC8-48793856EE7B}.Release|Any CPU.ActiveCfg = Release|Any CPU
		{5BE16853-5FE6-49C7-8EC8-48793856EE7B}.Release|Any CPU.Build.0 = Release|Any CPU
		{E261A0C6-18C5-42DA-9537-29CFA24EF3E5}.Debug|Any CPU.ActiveCfg = Debug|Any CPU
		{E261A0C6-18C5-42DA-9537-29CFA24EF3E5}.Debug|Any CPU.Build.0 = Debug|Any CPU
		{E261A0C6-18C5-42DA-9537-29CFA24EF3E5}.Release|Any CPU.ActiveCfg = Release|Any CPU
		{E261A0C6-18C5-42DA-9537-29CFA24EF3E5}.Release|Any CPU.Build.0 = Release|Any CPU
		{5492DBD8-51DF-4720-BB3B-DEA5064CA336}.Debug|Any CPU.ActiveCfg = Debug|Any CPU
		{5492DBD8-51DF-4720-BB3B-DEA5064CA336}.Debug|Any CPU.Build.0 = Debug|Any CPU
		{5492DBD8-51DF-4720-BB3B-DEA5064CA336}.Release|Any CPU.ActiveCfg = Release|Any CPU
		{5492DBD8-51DF-4720-BB3B-DEA5064CA336}.Release|Any CPU.Build.0 = Release|Any CPU
	EndGlobalSection
	GlobalSection(SolutionProperties) = preSolution
		HideSolutionNode = FALSE
	EndGlobalSection
	GlobalSection(ExtensibilityGlobals) = postSolution
		SolutionGuid = {999AFCF5-56A1-4A24-9CB6-82F9F38D2B17}
	EndGlobalSection
EndGlobal
